aopalliance:aopalliance:1.0
asm:asm-attrs:2.2.3
cglib:cglib-nodep:2.2
ch.qos.logback:logback-classic:1.2.3
ch.qos.logback:logback-core:1.2.3
com.brsanthu:migbase64:2.2
com.experlog:xapool:1.6.beta-ti
com.fasterxml.jackson.core:jackson-annotations:2.14.0
com.fasterxml.jackson.core:jackson-core:2.14.0
com.fasterxml.jackson.core:jackson-databind:2.14.0
com.fasterxml.jackson.datatype:jackson-datatype-joda:2.14.0
com.fasterxml.jackson.jaxrs:jackson-jaxrs-base:2.14.0
com.fasterxml.jackson.jaxrs:jackson-jaxrs-json-provider:2.14.0
com.fasterxml.jackson.module:jackson-module-jaxb-annotations:2.14.0
com.fasterxml:classmate:1.5.1
com.finastra.fpm.csm:swift:2020.7-SNAPSHOT
com.github.codemonstur:jpedal:4.49b22
com.github.stephenc.jcip:jcip-annotations:1.0-1
com.google.guava:guava:29.0-jre
com.guicedee.services:jfreechart:1.0.13
com.ibm.icu:icu4j:60_2_farsi_fix
com.javaforge.scriptella:scriptella-core:1.2
com.javaforge.scriptella:scriptella-drivers:1.2
com.lmax:disruptor:3.4.4
com.nimbusds:nimbus-jose-jwt:7.9
com.sun.codemodel:codemodel:2.1-SNAPSHOT
com.sun.faces:jsf-api:1.2_08
com.sun.jersey:jersey-client:1.19.1
com.sun.jersey:jersey-core:1.19.1
com.sun.jersey:jersey-json:1.19.1
com.sun.jersey:jersey-server:1.19.1
com.sun.jersey:jersey-servlet:1.19.1
com.sun.xml.bind:jaxb-impl:2.1.5
com.sun.xml.bind:jaxb-xjc:2.1.5
com.syntaxphoenix.syntaxapi:json-lib:20160212-jdk16
commons-beanutils:commons-beanutils:1.9.4
commons-cli:commons-cli:1.2
commons-codec:commons-codec:1.15
commons-collections:commons-collections:3.2.2
commons-collections:commons-collections:3.2
commons-configuration:commons-configuration:1.10
commons-fileupload:commons-fileupload:1.5
commons-io:commons-io:2.11.0
commons-io:commons-io:2.8.0
commons-lang:commons-lang:2.5
commons-lang:commons-lang:2.6
commons-logging:commons-logging:1.2
commons-net:commons-net:3.9.0
commons-validator:commons-validator:1.7
io.github.jglrxavpok.hephaistos:antlr:2.7.7
io.swagger:swagger-annotations:1.5.22
io.swagger:swagger-jaxrs:1.5.22
jakarta-regexp:jakarta-regexp:1.4
javax.annotation:javax.annotation-api:1.2
javax.javaee.api:javaee.api-compact:3.0-SNAPSHOT
javax.mail:mail:1.4.7
javax.persistence:javax.persistence-api:2.2
javax.validation:validation-api:2.0.1.Final
javax.ws.rs:javax.ws.rs-api:2.0.1
javax.ws.rs:jsr311-api:1.1.1
javax.xml.bind:jaxb-api:2.1
javax:javaee-api:7.0
jfree:jcommon:1.0.16
joda-time:joda-time:2.12.0
log4j:log4j:1.2.16
log4j:log4j:1.2.17
mysql:mysql-connector-java:5.1.34-bin
net.bytebuddy:byte-buddy-dep:1.12.8
net.bytebuddy:byte-buddy:1.12.8
net.minidev:accessors-smart:1.2
net.minidev:json-smart:2.4.10
ognl:ognl:3.3.4
org.apache.ant:ant-antlr:1.9.7
org.apache.ant:ant-apache-bcel:1.9.7
org.apache.ant:ant-apache-bsf:1.9.7
org.apache.ant:ant-apache-log4j:1.9.7
org.apache.ant:ant-apache-oro:1.9.7
org.apache.ant:ant-apache-regexp:1.9.7
org.apache.ant:ant-apache-resolver:1.9.7
org.apache.ant:ant-apache-xalan2:1.9.7
org.apache.ant:ant-commons-logging:1.9.7
org.apache.ant:ant-commons-net:1.9.7
org.apache.ant:ant-jai:1.9.7
org.apache.ant:ant-javamail:1.9.7
org.apache.ant:ant-jdepend:1.9.7
org.apache.ant:ant-jmf:1.9.7
org.apache.ant:ant-jsch:1.9.7
org.apache.ant:ant-junit4:1.9.7
org.apache.ant:ant-junit:1.9.7
org.apache.ant:ant-launcher:1.9.7
org.apache.ant:ant-netrexx:1.9.7
org.apache.ant:ant-swing:1.9.7
org.apache.ant:ant-testutil:1.9.7
org.apache.ant:ant:1.9.7
org.apache.commons:commons-collections4:4.4
org.apache.commons:commons-configuration2:2.8.0
org.apache.commons:commons-dbcp2:2.9.0
org.apache.commons:commons-jexl:2.1.1
org.apache.commons:commons-lang3:3.12.0
org.apache.commons:commons-pool2:2.11.1
org.apache.commons:commons-text:1.10.0
org.apache.httpcomponents:httpclient:4.5.13
org.apache.httpcomponents:httpcore:4.4.13
org.apache.httpcomponents:httpmime:4.5.13
org.apache.logging.log4j:log4j-1.2-api:2.19.0
org.apache.logging.log4j:log4j-api:2.19.0
org.apache.logging.log4j:log4j-core:2.19.0
org.apache.logging.log4j:log4j-slf4j-impl:2.19.0
org.apache.tika:tika-core:2.4.1
org.apache.velocity:velocity-engine-core:2.3
org.apache.velocity:velocity-engine-scripting:2.3
org.apache.velocity:velocity:1.7-dep
org.apache.velocity:velocity:1.7
org.apache.xmlbeans:xmlbeans:5.1.1
org.apereo.cas:cas-server-core:4.1.10-no-slf4j
org.aspectj:aspectjweaver:1.8.9
org.bouncycastle:bcprov-ext-jdk18on:1.71
org.bouncycastle:bcprov-jdk16:1.46
org.codehaus.groovy:groovy-all:2.4.1
org.dom4j:dom4j:2.1.3
org.glassfish.hk2.external:javax.inject:2.5.0-b32
org.glassfish.hk2:hk2-api:2.5.0-b32
org.glassfish.hk2:hk2-locator:2.5.0-b32
org.glassfish.hk2:hk2-utils:2.5.0-b32
org.glassfish.jersey.bundles.repackaged:jersey-guava:2.25.1
org.glassfish.jersey.containers:jersey-container-servlet-core:2.25.1
org.glassfish.jersey.containers:jersey-container-servlet:2.25.1
org.glassfish.jersey.core:jersey-client:2.25.1
org.glassfish.jersey.core:jersey-common:2.25.1
org.glassfish.jersey.core:jersey-server:2.25.1
org.glassfish.jersey.ext:jersey-entity-filtering:2.25.1
org.glassfish.jersey.media:jersey-media-jaxb:2.25.1
org.glassfish.jersey.media:jersey-media-json-jackson:2.25.1
org.glassfish.jersey.media:jersey-media-multipart:2.25.1
org.glassfish.main:javaee-api:4.0-SNAPSHOT
org.glassfish:javax.json:1.0
org.graalvm.js:js:1.7R4
org.hibernate:hibernate-commons-annotations:5.1.2.Final
org.hibernate:hibernate-core:5.6.10.Final
org.hibernate:hibernate-validator:5.4.3.Final
org.jasig.cas.client:cas-client-core:3.6.4
org.jasig.cas:cas-server-core-api:4.1.10
org.jasig.cas:cas-server-core:4.1.10
org.jasig.cas:cas-server-support-generic:4.1.10
org.jasig.cas:cas-server-webapp-support:4.1.10
org.jasig.inspektr:inspektr-aspects:1.4.GA
org.jasig.inspektr:inspektr-audit:1.4.GA
org.jasig.inspektr:inspektr-common:1.4.GA
org.jasig.inspektr:inspektr-error:1.4.GA
org.jasig.inspektr:inspektr-support-spring:1.4.GA
org.javassist:javassist:3.20.0-GA
org.jboss.forge.addon:javaee-api:6.0
org.jboss.logging:jboss-logging:3.3.3.Final
org.jvnet.mimepull:mimepull:1.9.6
org.jvnet:tiger-types:1.4
org.liquibase:liquibase-core:3.6.1
org.objectweb.howl:howl:1.0.1-1
org.ow2.asm:asm:3.1
org.ow2.carol:carol-interceptors:1.0.1
org.ow2.carol:carol:3.0.6
org.ow2.jotm:jotm-core:2.2.1
org.ow2.jotm:jotm-datasource:2.2.1
org.ow2.jotm:jotm-jms:2.2.1
org.ow2.jotm:jotm-standalone:2.2.1
org.ow2.spec.ee:ow2-connector-1.5-spec:1.0-M1
org.ow2.spec.ee:ow2-jta-1.1-spec:1.0-M1
org.owasp.encoder:encoder:1.2.3
org.quartz-scheduler:quartz-jobs:2.3.2
org.quartz-scheduler:quartz:2.3.2
org.reflections:reflections:0.10.2
org.slf4j:slf4j-api:1.5.3
org.slf4j:slf4j-api:1.6.1
org.slf4j:slf4j-api:1.7.21
org.slf4j:slf4j-log4j12:1.5.3
org.slf4j:slf4j-log4j12:1.6.1
org.slf4j:slf4j-log4j12:1.7.21
org.springframework.ldap:spring-ldap-core:2.3.8.RELEASE
org.springframework.security:spring-security-acl:5.7.8
org.springframework.security:spring-security-cas-client:3.0.8.RELEASE
org.springframework.security:spring-security-cas:5.7.8
org.springframework.security:spring-security-config:5.7.8
org.springframework.security:spring-security-core-tiger:2.0.8.RELEASE
org.springframework.security:spring-security-core:3.2.10.RELEASE-MessageDigest
org.springframework.security:spring-security-core:5.7.8
org.springframework.security:spring-security-crypto:5.7.8
org.springframework.security:spring-security-ldap:5.7.8
org.springframework.security:spring-security-web:5.7.8
org.springframework.webflow:spring-binding:2.5.1.RELEASE
org.springframework.webflow:spring-js:2.4.8.RELEASE
org.springframework.webflow:spring-webflow:2.5.0.RELEASE
org.springframework:spring-aop:5.3.27
org.springframework:spring-beans:5.3.27
org.springframework:spring-context-support:5.3.27
org.springframework:spring-context:5.3.27
org.springframework:spring-core:5.3.27
org.springframework:spring-expression:5.3.27
org.springframework:spring-jdbc:5.3.27
org.springframework:spring-jms:5.3.27
org.springframework:spring-orm:5.3.27
org.springframework:spring-tx:5.3.27
org.springframework:spring-web:5.3.27
org.springframework:spring-webmvc:5.3.27
org.yaml:snakeyaml:1.18
org.zenframework.z8.dependencies.commons:ojdbc6:12.1.0.2
oro:oro:2.0.8
